version: 6
environments:
  default:
    channels:
    - url: https://conda.anaconda.org/conda-forge/
    packages:
      osx-64:
      - conda: https://conda.anaconda.org/conda-forge/osx-64/_openmp_mutex-4.5-7_kmp_llvm.conda
      - conda: https://conda.anaconda.org/conda-forge/osx-64/bzip2-1.0.8-h500dc9f_8.conda
      - conda: https://conda.anaconda.org/conda-forge/noarch/ca-certificates-2026.1.4-hbd8a1cb_0.conda
      - conda: https://conda.anaconda.org/conda-forge/noarch/cpython-3.14.2-py314hd8ed1ab_1.conda
      - conda: https://conda.anaconda.org/conda-forge/osx-64/gmp-6.3.0-hf036a51_2.conda
      - conda: https://conda.anaconda.org/conda-forge/osx-64/gmpy2-2.2.1-py314hf61b0b6_2.conda
      - conda: https://conda.anaconda.org/conda-forge/osx-64/libblas-3.11.0-5_he492b99_openblas.conda
      - conda: https://conda.anaconda.org/conda-forge/osx-64/libcblas-3.11.0-5_h9b27e0a_openblas.conda
      - conda: https://conda.anaconda.org/conda-forge/osx-64/libcxx-21.1.8-h3d58e20_1.conda
      - conda: https://conda.anaconda.org/conda-forge/osx-64/libexpat-2.7.3-heffb93a_0.conda
      - conda: https://conda.anaconda.org/conda-forge/osx-64/libffi-3.5.2-hd1f9c09_0.conda
      - conda: https://conda.anaconda.org/conda-forge/osx-64/libgcc-15.2.0-h08519bb_15.conda
      - conda: https://conda.anaconda.org/conda-forge/osx-64/libgfortran-15.2.0-h7e5c614_15.conda
      - conda: https://conda.anaconda.org/conda-forge/osx-64/libgfortran5-15.2.0-hd16e46c_15.conda
      - conda: https://conda.anaconda.org/conda-forge/osx-64/liblapack-3.11.0-5_h859234e_openblas.conda
      - conda: https://conda.anaconda.org/conda-forge/osx-64/liblzma-5.8.2-h11316ed_0.conda
      - conda: https://conda.anaconda.org/conda-forge/osx-64/libmpdec-4.0.0-hf3981d6_1.conda
      - conda: https://conda.anaconda.org/conda-forge/osx-64/libopenblas-0.3.30-openmp_h6006d49_4.conda
      - conda: https://conda.anaconda.org/conda-forge/osx-64/libsqlite-3.51.2-hb99441e_0.conda
      - conda: https://conda.anaconda.org/conda-forge/osx-64/libzlib-1.3.1-hd23fc13_2.conda
      - conda: https://conda.anaconda.org/conda-forge/osx-64/llvm-openmp-21.1.8-h472b3d1_0.conda
      - conda: https://conda.anaconda.org/conda-forge/osx-64/mpc-1.3.1-h9d8efa1_1.conda
      - conda: https://conda.anaconda.org/conda-forge/osx-64/mpfr-4.2.1-haed47dc_3.conda
      - conda: https://conda.anaconda.org/conda-forge/noarch/mpmath-1.3.0-pyhd8ed1ab_1.conda
      - conda: https://conda.anaconda.org/conda-forge/osx-64/ncurses-6.5-h0622a9a_3.conda
      - conda: https://conda.anaconda.org/conda-forge/osx-64/numpy-2.4.1-py314h9089906_0.conda
      - conda: https://conda.anaconda.org/conda-forge/osx-64/openssl-3.6.1-hb6871ef_1.conda
      - conda: https://conda.anaconda.org/conda-forge/osx-64/python-3.14.2-he0dec31_1_cp314t.conda
      - conda: https://conda.anaconda.org/conda-forge/noarch/python_abi-3.14-8_cp314t.conda
      - conda: https://conda.anaconda.org/conda-forge/osx-64/readline-8.3-h68b038d_0.conda
      - conda: https://conda.anaconda.org/conda-forge/noarch/sympy-1.14.0-pyh2585a3b_105.conda
      - conda: https://conda.anaconda.org/conda-forge/osx-64/tk-8.6.13-h7142dee_3.conda
      - conda: https://conda.anaconda.org/conda-forge/noarch/tzdata-2025c-hc9c84f9_1.conda
      - conda: https://conda.anaconda.org/conda-forge/osx-64/zstd-1.5.7-h3eecb57_6.conda
packages:
- conda: https://conda.anaconda.org/conda-forge/osx-64/_openmp_mutex-4.5-7_kmp_llvm.conda
  build_number: 7
  sha256: 30006902a9274de8abdad5a9f02ef7c8bb3d69a503486af0c1faee30b023e5b7
  md5: eaac87c21aff3ed21ad9656697bb8326
  depends:
  - llvm-openmp >=9.0.1
  arch: x86_64
  platform: osx
  license: BSD-3-Clause
  license_family: BSD
  size: 8328
  timestamp: 1764092562779
- conda: https://conda.anaconda.org/conda-forge/osx-64/bzip2-1.0.8-h500dc9f_8.conda
  sha256: 8f50b58efb29c710f3cecf2027a8d7325ba769ab10c746eff75cea3ac050b10c
  md5: 97c4b3bd8a90722104798175a1bdddbf
  depends:
  - __osx >=10.13
  arch: x86_64
  platform: osx
  license: bzip2-1.0.6
  license_family: BSD
  size: 132607
  timestamp: 1757437730085
- conda: https://conda.anaconda.org/conda-forge/noarch/ca-certificates-2026.1.4-hbd8a1cb_0.conda
  sha256: b5974ec9b50e3c514a382335efa81ed02b05906849827a34061c496f4defa0b2
  md5: bddacf101bb4dd0e51811cb69c7790e2
  depends:
  - __unix
  license: ISC
  size: 146519
  timestamp: 1767500828366
- conda: https://conda.anaconda.org/conda-forge/noarch/cpython-3.14.2-py314hd8ed1ab_1.conda
  noarch: generic
  sha256: 17bfd74881111582403a4311ccea918f10a46baf3d26ff6b7dc634541838f204
  md5: 437c7e7fabfe4274ae0e652298a013c6
  depends:
  - python >=3.14,<3.15.0a0
  - python_abi * *_cp314t
  license: Python-2.0
  size: 49546
  timestamp: 1769456940496
- conda: https://conda.anaconda.org/conda-forge/osx-64/gmp-6.3.0-hf036a51_2.conda
  sha256: 75aa5e7a875afdcf4903b7dc98577672a3dc17b528ac217b915f9528f93c85fc
  md5: 427101d13f19c4974552a4e5b072eef1
  depends:
  - __osx >=10.13
  - libcxx >=16
  arch: x86_64
  platform: osx
  license: GPL-2.0-or-later OR LGPL-3.0-or-later
  size: 428919
  timestamp: 1718981041839
- conda: https://conda.anaconda.org/conda-forge/osx-64/gmpy2-2.2.1-py314hf61b0b6_2.conda
  sha256: 79155bacdb8288bbe1d83622759f423147521e03498ebba9d43ff8456d72a5bc
  md5: 3ea5b968b0f3986b96bc6cdb9ae33d11
  depends:
  - __osx >=10.13
  - gmp >=6.3.0,<7.0a0
  - mpc >=1.3.1,<2.0a0
  - mpfr >=4.2.1,<5.0a0
  - python >=3.14,<3.15.0a0
  - python_abi 3.14.* *_cp314t
  arch: x86_64
  platform: osx
  license: LGPL-3.0-or-later
  license_family: LGPL
  size: 182849
  timestamp: 1762947267342
- conda: https://conda.anaconda.org/conda-forge/osx-64/libblas-3.11.0-5_he492b99_openblas.conda
  build_number: 5
  sha256: 4754de83feafa6c0b41385f8dab1b13f13476232e16f524564a340871a9fc3bc
  md5: 36d2e68a156692cbae776b75d6ca6eae
  depends:
  - libopenblas >=0.3.30,<0.3.31.0a0
  - libopenblas >=0.3.30,<1.0a0
  constrains:
  - liblapack  3.11.0   5*_openblas
  - blas 2.305   openblas
  - libcblas   3.11.0   5*_openblas
  - mkl <2026
  - liblapacke 3.11.0   5*_openblas
  arch: x86_64
  platform: osx
  license: BSD-3-Clause
  license_family: BSD
  size: 18476
  timestamp: 1765819054657
- conda: https://conda.anaconda.org/conda-forge/osx-64/libcblas-3.11.0-5_h9b27e0a_openblas.conda
  build_number: 5
  sha256: 8077c29ea720bd152be6e6859a3765228cde51301fe62a3b3f505b377c2cb48c
  md5: b31d771cbccff686e01a687708a7ca41
  depends:
  - libblas 3.11.0 5_he492b99_openblas
  constrains:
  - liblapack  3.11.0   5*_openblas
  - blas 2.305   openblas
  - liblapacke 3.11.0   5*_openblas
  arch: x86_64
  platform: osx
  license: BSD-3-Clause
  license_family: BSD
  size: 18484
  timestamp: 1765819073006
- conda: https://conda.anaconda.org/conda-forge/osx-64/libcxx-21.1.8-h3d58e20_1.conda
  sha256: facdc3861f2d9e8de3cb42cd5b32d56b2a3e0d957bf8e80641cedaf3ab2c7156
  md5: 7a582e52af3e0e495ba3ba9e1e87c7bb
  depends:
  - __osx >=10.13
  arch: x86_64
  platform: osx
  license: Apache-2.0 WITH LLVM-exception
  license_family: Apache
  size: 572248
  timestamp: 1769754786463
- conda: https://conda.anaconda.org/conda-forge/osx-64/libexpat-2.7.3-heffb93a_0.conda
  sha256: d11b3a6ce5b2e832f430fd112084533a01220597221bee16d6c7dc3947dffba6
  md5: 222e0732a1d0780a622926265bee14ef
  depends:
  - __osx >=10.13
  constrains:
  - expat 2.7.3.*
  arch: x86_64
  platform: osx
  license: MIT
  license_family: MIT
  size: 74058
  timestamp: 1763549886493
- conda: https://conda.anaconda.org/conda-forge/osx-64/libffi-3.5.2-hd1f9c09_0.conda
  sha256: 951958d1792238006fdc6fce7f71f1b559534743b26cc1333497d46e5903a2d6
  md5: 66a0dc7464927d0853b590b6f53ba3ea
  depends:
  - __osx >=10.13
  arch: x86_64
  platform: osx
  license: MIT
  license_family: MIT
  size: 53583
  timestamp: 1769456300951
- conda: https://conda.anaconda.org/conda-forge/osx-64/libgcc-15.2.0-h08519bb_15.conda
  sha256: e04b115ae32f8cbf95905971856ff557b296511735f4e1587b88abf519ff6fb8
  md5: c816665789d1e47cdfd6da8a81e1af64
  depends:
  - _openmp_mutex
  constrains:
  - libgomp 15.2.0 15
  - libgcc-ng ==15.2.0=*_15
  arch: x86_64
  platform: osx
  license: GPL-3.0-only WITH GCC-exception-3.1
  license_family: GPL
  size: 422960
  timestamp: 1764839601296
- conda: https://conda.anaconda.org/conda-forge/osx-64/libgfortran-15.2.0-h7e5c614_15.conda
  sha256: 7bb4d51348e8f7c1a565df95f4fc2a2021229d42300aab8366eda0ea1af90587
  md5: a089323fefeeaba2ae60e1ccebf86ddc
  depends:
  - libgfortran5 15.2.0 hd16e46c_15
  constrains:
  - libgfortran-ng ==15.2.0=*_15
  arch: x86_64
  platform: osx
  license: GPL-3.0-only WITH GCC-exception-3.1
  license_family: GPL
  size: 139002
  timestamp: 1764839892631
- conda: https://conda.anaconda.org/conda-forge/osx-64/libgfortran5-15.2.0-hd16e46c_15.conda
  sha256: 456385a7d3357d5fdfc8e11bf18dcdf71753c4016c440f92a2486057524dd59a
  md5: c2a6149bf7f82774a0118b9efef966dd
  depends:
  - libgcc >=15.2.0
  constrains:
  - libgfortran 15.2.0
  arch: x86_64
  platform: osx
  license: GPL-3.0-only WITH GCC-exception-3.1
  license_family: GPL
  size: 1061950
  timestamp: 1764839609607
- conda: https://conda.anaconda.org/conda-forge/osx-64/liblapack-3.11.0-5_h859234e_openblas.conda
  build_number: 5
  sha256: 2c915fe2b3d806d4b82776c882ba66ba3e095e9e2c41cc5c3375bffec6bddfdc
  md5: eb5b1c25d4ac30813a6ca950a58710d6
  depends:
  - libblas 3.11.0 5_he492b99_openblas
  constrains:
  - libcblas   3.11.0   5*_openblas
  - blas 2.305   openblas
  - liblapacke 3.11.0   5*_openblas
  arch: x86_64
  platform: osx
  license: BSD-3-Clause
  license_family: BSD
  size: 18491
  timestamp: 1765819090240
- conda: https://conda.anaconda.org/conda-forge/osx-64/liblzma-5.8.2-h11316ed_0.conda
  sha256: 7ab3c98abd3b5d5ec72faa8d9f5d4b50dcee4970ed05339bc381861199dabb41
  md5: 688a0c3d57fa118b9c97bf7e471ab46c
  depends:
  - __osx >=10.13
  constrains:
  - xz 5.8.2.*
  arch: x86_64
  platform: osx
  license: 0BSD
  size: 105482
  timestamp: 1768753411348
- conda: https://conda.anaconda.org/conda-forge/osx-64/libmpdec-4.0.0-hf3981d6_1.conda
  sha256: 1096c740109386607938ab9f09a7e9bca06d86770a284777586d6c378b8fb3fd
  md5: ec88ba8a245855935b871a7324373105
  depends:
  - __osx >=10.13
  arch: x86_64
  platform: osx
  license: BSD-2-Clause
  license_family: BSD
  size: 79899
  timestamp: 1769482558610
- conda: https://conda.anaconda.org/conda-forge/osx-64/libopenblas-0.3.30-openmp_h6006d49_4.conda
  sha256: ba642353f7f41ab2d2eb6410fbe522238f0f4483bcd07df30b3222b4454ee7cd
  md5: 9241a65e6e9605e4581a2a8005d7f789
  depends:
  - __osx >=10.13
  - libgfortran
  - libgfortran5 >=14.3.0
  - llvm-openmp >=19.1.7
  constrains:
  - openblas >=0.3.30,<0.3.31.0a0
  arch: x86_64
  platform: osx
  license: BSD-3-Clause
  license_family: BSD
  size: 6268795
  timestamp: 1763117623665
- conda: https://conda.anaconda.org/conda-forge/osx-64/libsqlite-3.51.2-hb99441e_0.conda
  sha256: 710a7ea27744199023c92e66ad005de7f8db9cf83f10d5a943d786f0dac53b7c
  md5: d910105ce2b14dfb2b32e92ec7653420
  depends:
  - __osx >=10.13
  - libzlib >=1.3.1,<2.0a0
  arch: x86_64
  platform: osx
  license: blessing
  size: 987506
  timestamp: 1768148247615
- conda: https://conda.anaconda.org/conda-forge/osx-64/libzlib-1.3.1-hd23fc13_2.conda
  sha256: 8412f96504fc5993a63edf1e211d042a1fd5b1d51dedec755d2058948fcced09
  md5: 003a54a4e32b02f7355b50a837e699da
  depends:
  - __osx >=10.13
  constrains:
  - zlib 1.3.1 *_2
  arch: x86_64
  platform: osx
  license: Zlib
  license_family: Other
  size: 57133
  timestamp: 1727963183990
- conda: https://conda.anaconda.org/conda-forge/osx-64/llvm-openmp-21.1.8-h472b3d1_0.conda
  sha256: 2a41885f44cbc1546ff26369924b981efa37a29d20dc5445b64539ba240739e6
  md5: e2d811e9f464dd67398b4ce1f9c7c872
  depends:
  - __osx >=10.13
  constrains:
  - openmp 21.1.8|21.1.8.*
  - intel-openmp <0.0a0
  arch: x86_64
  platform: osx
  license: Apache-2.0 WITH LLVM-exception
  license_family: APACHE
  size: 311405
  timestamp: 1765965194247
- conda: https://conda.anaconda.org/conda-forge/osx-64/mpc-1.3.1-h9d8efa1_1.conda
  sha256: dcf91571da6c2f0db96d43a1b639047def05a0e1b6436d42c9129ab14af47b10
  md5: 0520855aaae268ea413d6bc913f1384c
  depends:
  - __osx >=10.13
  - gmp >=6.3.0,<7.0a0
  - mpfr >=4.2.1,<5.0a0
  arch: x86_64
  platform: osx
  license: LGPL-3.0-or-later
  license_family: LGPL
  size: 107774
  timestamp: 1725629348601
- conda: https://conda.anaconda.org/conda-forge/osx-64/mpfr-4.2.1-haed47dc_3.conda
  sha256: dddb6721dff05b8dfb654c532725330231fcb81ff1e27d885ee0cdcc9fccf1c4
  md5: d511e58aaaabfc23136880d9956fa7a6
  depends:
  - __osx >=10.13
  - gmp >=6.3.0,<7.0a0
  arch: x86_64
  platform: osx
  license: LGPL-3.0-only
  license_family: LGPL
  size: 373396
  timestamp: 1725746891597
- conda: https://conda.anaconda.org/conda-forge/noarch/mpmath-1.3.0-pyhd8ed1ab_1.conda
  sha256: 7d7aa3fcd6f42b76bd711182f3776a02bef09a68c5f117d66b712a6d81368692
  md5: 3585aa87c43ab15b167b574cd73b057b
  depends:
  - python >=3.9
  license: BSD-3-Clause
  license_family: BSD
  size: 439705
  timestamp: 1733302781386
- conda: https://conda.anaconda.org/conda-forge/osx-64/ncurses-6.5-h0622a9a_3.conda
  sha256: ea4a5d27ded18443749aefa49dc79f6356da8506d508b5296f60b8d51e0c4bd9
  md5: ced34dd9929f491ca6dab6a2927aff25
  depends:
  - __osx >=10.13
  arch: x86_64
  platform: osx
  license: X11 AND BSD-3-Clause
  size: 822259
  timestamp: 1738196181298
- conda: https://conda.anaconda.org/conda-forge/osx-64/numpy-2.4.1-py314h9089906_0.conda
  sha256: 159c487abcb8eca222398675489645f451f342d4f3863dcaca574b94cca8bb7e
  md5: 1321db9acf78736b73501ead6a8a000a
  depends:
  - python
  - __osx >=10.13
  - libcxx >=19
  - libcblas >=3.9.0,<4.0a0
  - python_abi 3.14.* *_cp314t
  - liblapack >=3.9.0,<4.0a0
  - libblas >=3.9.0,<4.0a0
  constrains:
  - numpy-base <0a0
  arch: x86_64
  platform: osx
  license: BSD-3-Clause
  license_family: BSD
  size: 8217962
  timestamp: 1768085591833
- conda: https://conda.anaconda.org/conda-forge/osx-64/openssl-3.6.1-hb6871ef_1.conda
  sha256: e02e5639b0e4d6d4fcf0f3b082642844fb5a37316f5b0a1126c6271347462e90
  md5: 30bb8d08b99b9a7600d39efb3559fff0
  depends:
  - __osx >=10.13
  - ca-certificates
  arch: x86_64
  platform: osx
  license: Apache-2.0
  license_family: Apache
  size: 2777136
  timestamp: 1769557662405
- conda: https://conda.anaconda.org/conda-forge/osx-64/python-3.14.2-he0dec31_1_cp314t.conda
  build_number: 1
  sha256: 8956bd998d76a6d6f1bb6889cd7c051d34f91deb5746d38135c0d55910ed43ae
  md5: e007bc64d4ea01753d425151aea0c15c
  depends:
  - __osx >=10.13
  - bzip2 >=1.0.8,<2.0a0
  - libexpat >=2.7.3,<3.0a0
  - libffi >=3.5.2,<3.6.0a0
  - liblzma >=5.8.2,<6.0a0
  - libmpdec >=4.0.0,<5.0a0
  - libsqlite >=3.51.2,<4.0a0
  - libzlib >=1.3.1,<2.0a0
  - ncurses >=6.5,<7.0a0
  - openssl >=3.5.4,<4.0a0
  - python_abi 3.14.* *_cp314t
  - readline >=8.3,<9.0a0
  - tk >=8.6.13,<8.7.0a0
  - tzdata
  - zstd >=1.5.7,<1.6.0a0
  arch: x86_64
  platform: osx
  track_features:
  - py_freethreading
  license: Python-2.0
  size: 16670598
  timestamp: 1769458474013
  python_site_packages_path: lib/python3.14t/site-packages
- conda: https://conda.anaconda.org/conda-forge/noarch/python_abi-3.14-8_cp314t.conda
  build_number: 8
  sha256: d9ed2538fba61265a330ee1b1afe99a4bb23ace706172b9464546c7e01259d63
  md5: 3251796e09870c978e0f69fa05e38fb6
  constrains:
  - python 3.14.* *_cp314t
  license: BSD-3-Clause
  license_family: BSD
  size: 7020
  timestamp: 1752805919426
- conda: https://conda.anaconda.org/conda-forge/osx-64/readline-8.3-h68b038d_0.conda
  sha256: 4614af680aa0920e82b953fece85a03007e0719c3399f13d7de64176874b80d5
  md5: eefd65452dfe7cce476a519bece46704
  depends:
  - __osx >=10.13
  - ncurses >=6.5,<7.0a0
  arch: x86_64
  platform: osx
  license: GPL-3.0-only
  license_family: GPL
  size: 317819
  timestamp: 1765813692798
- conda: https://conda.anaconda.org/conda-forge/noarch/sympy-1.14.0-pyh2585a3b_105.conda
  sha256: 09d3b6ac51d437bc996ad006d9f749ca5c645c1900a854a6c8f193cbd13f03a8
  md5: 8c09fac3785696e1c477156192d64b91
  depends:
  - __unix
  - cpython
  - gmpy2 >=2.0.8
  - mpmath >=0.19
  - python >=3.9
  license: BSD-3-Clause
  license_family: BSD
  size: 4616621
  timestamp: 1745946173026
- conda: https://conda.anaconda.org/conda-forge/osx-64/tk-8.6.13-h7142dee_3.conda
  sha256: 7f0d9c320288532873e2d8486c331ec6d87919c9028208d3f6ac91dc8f99a67b
  md5: 6e6efb7463f8cef69dbcb4c2205bf60e
  depends:
  - __osx >=10.13
  - libzlib >=1.3.1,<2.0a0
  arch: x86_64
  platform: osx
  license: TCL
  license_family: BSD
  size: 3282953
  timestamp: 1769460532442
- conda: https://conda.anaconda.org/conda-forge/noarch/tzdata-2025c-hc9c84f9_1.conda
  sha256: 1d30098909076af33a35017eed6f2953af1c769e273a0626a04722ac4acaba3c
  md5: ad659d0a2b3e47e38d829aa8cad2d610
  license: LicenseRef-Public-Domain
  size: 119135
  timestamp: 1767016325805
- conda: https://conda.anaconda.org/conda-forge/osx-64/zstd-1.5.7-h3eecb57_6.conda
  sha256: 47101a4055a70a4876ffc87b750ab2287b67eca793f21c8224be5e1ee6394d3f
  md5: 727109b184d680772e3122f40136d5ca
  depends:
  - __osx >=10.13
  - libzlib >=1.3.1,<2.0a0
  arch: x86_64
  platform: osx
  license: BSD-3-Clause
  license_family: BSD
  size: 528148
  timestamp: 1764777156963
