version: 6
environments:
  default:
    channels:
    - url: https://conda.anaconda.org/conda-forge/
    packages:
      osx-64:
      - conda: https://conda.anaconda.org/conda-forge/osx-64/_openmp_mutex-4.5-7_kmp_llvm.conda
      - conda: https://conda.anaconda.org/conda-forge/osx-64/bzip2-1.0.8-h500dc9f_8.conda
      - conda: https://conda.anaconda.org/conda-forge/noarch/ca-certificates-2026.1.4-hbd8a1cb_0.conda
      - conda: https://conda.anaconda.org/conda-forge/noarch/cpython-3.14.2-py314hd8ed1ab_100.conda
      - conda: https://conda.anaconda.org/conda-forge/osx-64/gmp-6.3.0-hf036a51_2.conda
      - conda: https://conda.anaconda.org/conda-forge/osx-64/gmpy2-2.2.1-py314hae71602_2.conda
      - conda: https://conda.anaconda.org/conda-forge/osx-64/icu-78.1-h14c5de8_0.conda
      - conda: https://conda.anaconda.org/conda-forge/osx-64/libblas-3.11.0-5_he492b99_openblas.conda
      - conda: https://conda.anaconda.org/conda-forge/osx-64/libcblas-3.11.0-5_h9b27e0a_openblas.conda
      - conda: https://conda.anaconda.org/conda-forge/osx-64/libcxx-21.1.8-h3d58e20_0.conda
      - conda: https://conda.anaconda.org/conda-forge/osx-64/libexpat-2.7.3-heffb93a_0.conda
      - conda: https://conda.anaconda.org/conda-forge/osx-64/libffi-3.5.2-h750e83c_0.conda
      - conda: https://conda.anaconda.org/conda-forge/osx-64/libgcc-15.2.0-h08519bb_15.conda
      - conda: https://conda.anaconda.org/conda-forge/osx-64/libgfortran-15.2.0-h7e5c614_15.conda
      - conda: https://conda.anaconda.org/conda-forge/osx-64/libgfortran5-15.2.0-hd16e46c_15.conda
      - conda: https://conda.anaconda.org/conda-forge/osx-64/liblapack-3.11.0-5_h859234e_openblas.conda
      - conda: https://conda.anaconda.org/conda-forge/osx-64/liblzma-5.8.1-hd471939_2.conda
      - conda: https://conda.anaconda.org/conda-forge/osx-64/libmpdec-4.0.0-h6e16a3a_0.conda
      - conda: https://conda.anaconda.org/conda-forge/osx-64/libopenblas-0.3.30-openmp_h6006d49_4.conda
      - conda: https://conda.anaconda.org/conda-forge/osx-64/libsqlite-3.51.1-hd09e2f1_1.conda
      - conda: https://conda.anaconda.org/conda-forge/osx-64/libzlib-1.3.1-hd23fc13_2.conda
      - conda: https://conda.anaconda.org/conda-forge/osx-64/llvm-openmp-21.1.8-h472b3d1_0.conda
      - conda: https://conda.anaconda.org/conda-forge/osx-64/mpc-1.3.1-h9d8efa1_1.conda
      - conda: https://conda.anaconda.org/conda-forge/osx-64/mpfr-4.2.1-haed47dc_3.conda
      - conda: https://conda.anaconda.org/conda-forge/noarch/mpmath-1.3.0-pyhd8ed1ab_1.conda
      - conda: https://conda.anaconda.org/conda-forge/osx-64/ncurses-6.5-h0622a9a_3.conda
      - conda: https://conda.anaconda.org/conda-forge/osx-64/numpy-2.4.0-py314hfc4c462_0.conda
      - conda: https://conda.anaconda.org/conda-forge/osx-64/openssl-3.6.0-h230baf5_0.conda
      - conda: https://conda.anaconda.org/conda-forge/osx-64/python-3.14.2-hf88997e_100_cp314.conda
      - conda: https://conda.anaconda.org/conda-forge/noarch/python_abi-3.14-8_cp314.conda
      - conda: https://conda.anaconda.org/conda-forge/osx-64/readline-8.3-h68b038d_0.conda
      - conda: https://conda.anaconda.org/conda-forge/noarch/sympy-1.14.0-pyh2585a3b_105.conda
      - conda: https://conda.anaconda.org/conda-forge/osx-64/tk-8.6.13-hf689a15_3.conda
      - conda: https://conda.anaconda.org/conda-forge/noarch/tzdata-2025c-hc9c84f9_1.conda
      - conda: https://conda.anaconda.org/conda-forge/osx-64/zstd-1.5.7-h3eecb57_6.conda
packages:
- conda: https://conda.anaconda.org/conda-forge/osx-64/_openmp_mutex-4.5-7_kmp_llvm.conda
  build_number: 7
  sha256: 30006902a9274de8abdad5a9f02ef7c8bb3d69a503486af0c1faee30b023e5b7
  md5: eaac87c21aff3ed21ad9656697bb8326
  depends:
  - llvm-openmp >=9.0.1
  arch: x86_64
  platform: osx
  license: BSD-3-Clause
  license_family: BSD
  size: 8328
  timestamp: 1764092562779
- conda: https://conda.anaconda.org/conda-forge/osx-64/bzip2-1.0.8-h500dc9f_8.conda
  sha256: 8f50b58efb29c710f3cecf2027a8d7325ba769ab10c746eff75cea3ac050b10c
  md5: 97c4b3bd8a90722104798175a1bdddbf
  depends:
  - __osx >=10.13
  arch: x86_64
  platform: osx
  license: bzip2-1.0.6
  license_family: BSD
  size: 132607
  timestamp: 1757437730085
- conda: https://conda.anaconda.org/conda-forge/noarch/ca-certificates-2026.1.4-hbd8a1cb_0.conda
  sha256: b5974ec9b50e3c514a382335efa81ed02b05906849827a34061c496f4defa0b2
  md5: bddacf101bb4dd0e51811cb69c7790e2
  depends:
  - __unix
  license: ISC
  size: 146519
  timestamp: 1767500828366
- conda: https://conda.anaconda.org/conda-forge/noarch/cpython-3.14.2-py314hd8ed1ab_100.conda
  noarch: generic
  sha256: 9e345f306446500956ffb1414b773f5476f497d7a2b5335a59edd2c335209dbb
  md5: 30f999d06f347b0116f0434624b6e559
  depends:
  - python >=3.14,<3.15.0a0
  - python_abi * *_cp314
  license: Python-2.0
  size: 49298
  timestamp: 1765020324943
- conda: https://conda.anaconda.org/conda-forge/osx-64/gmp-6.3.0-hf036a51_2.conda
  sha256: 75aa5e7a875afdcf4903b7dc98577672a3dc17b528ac217b915f9528f93c85fc
  md5: 427101d13f19c4974552a4e5b072eef1
  depends:
  - __osx >=10.13
  - libcxx >=16
  arch: x86_64
  platform: osx
  license: GPL-2.0-or-later OR LGPL-3.0-or-later
  size: 428919
  timestamp: 1718981041839
- conda: https://conda.anaconda.org/conda-forge/osx-64/gmpy2-2.2.1-py314hae71602_2.conda
  sha256: 0e5e0c7083aef95c8ce410b0f77397491c38545d5ce222264f89b5c7d1f6f4ed
  md5: c03460d078cfbb64caf18cc93175ceda
  depends:
  - __osx >=10.13
  - gmp >=6.3.0,<7.0a0
  - mpc >=1.3.1,<2.0a0
  - mpfr >=4.2.1,<5.0a0
  - python >=3.14,<3.15.0a0
  - python_abi 3.14.* *_cp314
  arch: x86_64
  platform: osx
  license: LGPL-3.0-or-later
  license_family: LGPL
  size: 170498
  timestamp: 1762947254455
- conda: https://conda.anaconda.org/conda-forge/osx-64/icu-78.1-h14c5de8_0.conda
  sha256: 256df2229f930d7c83d8e2d36fdfce1f78980272558095ce741a9fccc5ed8998
  md5: 1e648e0c6657a29dc44102d6e3b10ebc
  depends:
  - __osx >=10.13
  arch: x86_64
  platform: osx
  license: MIT
  license_family: MIT
  size: 12273114
  timestamp: 1766299263503
- conda: https://conda.anaconda.org/conda-forge/osx-64/libblas-3.11.0-5_he492b99_openblas.conda
  build_number: 5
  sha256: 4754de83feafa6c0b41385f8dab1b13f13476232e16f524564a340871a9fc3bc
  md5: 36d2e68a156692cbae776b75d6ca6eae
  depends:
  - libopenblas >=0.3.30,<0.3.31.0a0
  - libopenblas >=0.3.30,<1.0a0
  constrains:
  - liblapack  3.11.0   5*_openblas
  - blas 2.305   openblas
  - libcblas   3.11.0   5*_openblas
  - mkl <2026
  - liblapacke 3.11.0   5*_openblas
  arch: x86_64
  platform: osx
  license: BSD-3-Clause
  license_family: BSD
  size: 18476
  timestamp: 1765819054657
- conda: https://conda.anaconda.org/conda-forge/osx-64/libcblas-3.11.0-5_h9b27e0a_openblas.conda
  build_number: 5
  sha256: 8077c29ea720bd152be6e6859a3765228cde51301fe62a3b3f505b377c2cb48c
  md5: b31d771cbccff686e01a687708a7ca41
  depends:
  - libblas 3.11.0 5_he492b99_openblas
  constrains:
  - liblapack  3.11.0   5*_openblas
  - blas 2.305   openblas
  - liblapacke 3.11.0   5*_openblas
  arch: x86_64
  platform: osx
  license: BSD-3-Clause
  license_family: BSD
  size: 18484
  timestamp: 1765819073006
- conda: https://conda.anaconda.org/conda-forge/osx-64/libcxx-21.1.8-h3d58e20_0.conda
  sha256: cbd8e821e97436d8fc126c24b50df838b05ba4c80494fbb93ccaf2e3b2d109fb
  md5: 9f8a60a77ecafb7966ca961c94f33bd1
  depends:
  - __osx >=10.13
  arch: x86_64
  platform: osx
  license: Apache-2.0 WITH LLVM-exception
  license_family: Apache
  size: 569777
  timestamp: 1765919624323
- conda: https://conda.anaconda.org/conda-forge/osx-64/libexpat-2.7.3-heffb93a_0.conda
  sha256: d11b3a6ce5b2e832f430fd112084533a01220597221bee16d6c7dc3947dffba6
  md5: 222e0732a1d0780a622926265bee14ef
  depends:
  - __osx >=10.13
  constrains:
  - expat 2.7.3.*
  arch: x86_64
  platform: osx
  license: MIT
  license_family: MIT
  size: 74058
  timestamp: 1763549886493
- conda: https://conda.anaconda.org/conda-forge/osx-64/libffi-3.5.2-h750e83c_0.conda
  sha256: 277dc89950f5d97f1683f26e362d6dca3c2efa16cb2f6fdb73d109effa1cd3d0
  md5: d214916b24c625bcc459b245d509f22e
  depends:
  - __osx >=10.13
  arch: x86_64
  platform: osx
  license: MIT
  license_family: MIT
  size: 52573
  timestamp: 1760295626449
- conda: https://conda.anaconda.org/conda-forge/osx-64/libgcc-15.2.0-h08519bb_15.conda
  sha256: e04b115ae32f8cbf95905971856ff557b296511735f4e1587b88abf519ff6fb8
  md5: c816665789d1e47cdfd6da8a81e1af64
  depends:
  - _openmp_mutex
  constrains:
  - libgomp 15.2.0 15
  - libgcc-ng ==15.2.0=*_15
  arch: x86_64
  platform: osx
  license: GPL-3.0-only WITH GCC-exception-3.1
  license_family: GPL
  size: 422960
  timestamp: 1764839601296
- conda: https://conda.anaconda.org/conda-forge/osx-64/libgfortran-15.2.0-h7e5c614_15.conda
  sha256: 7bb4d51348e8f7c1a565df95f4fc2a2021229d42300aab8366eda0ea1af90587
  md5: a089323fefeeaba2ae60e1ccebf86ddc
  depends:
  - libgfortran5 15.2.0 hd16e46c_15
  constrains:
  - libgfortran-ng ==15.2.0=*_15
  arch: x86_64
  platform: osx
  license: GPL-3.0-only WITH GCC-exception-3.1
  license_family: GPL
  size: 139002
  timestamp: 1764839892631
- conda: https://conda.anaconda.org/conda-forge/osx-64/libgfortran5-15.2.0-hd16e46c_15.conda
  sha256: 456385a7d3357d5fdfc8e11bf18dcdf71753c4016c440f92a2486057524dd59a
  md5: c2a6149bf7f82774a0118b9efef966dd
  depends:
  - libgcc >=15.2.0
  constrains:
  - libgfortran 15.2.0
  arch: x86_64
  platform: osx
  license: GPL-3.0-only WITH GCC-exception-3.1
  license_family: GPL
  size: 1061950
  timestamp: 1764839609607
- conda: https://conda.anaconda.org/conda-forge/osx-64/liblapack-3.11.0-5_h859234e_openblas.conda
  build_number: 5
  sha256: 2c915fe2b3d806d4b82776c882ba66ba3e095e9e2c41cc5c3375bffec6bddfdc
  md5: eb5b1c25d4ac30813a6ca950a58710d6
  depends:
  - libblas 3.11.0 5_he492b99_openblas
  constrains:
  - libcblas   3.11.0   5*_openblas
  - blas 2.305   openblas
  - liblapacke 3.11.0   5*_openblas
  arch: x86_64
  platform: osx
  license: BSD-3-Clause
  license_family: BSD
  size: 18491
  timestamp: 1765819090240
- conda: https://conda.anaconda.org/conda-forge/osx-64/liblzma-5.8.1-hd471939_2.conda
  sha256: 7e22fd1bdb8bf4c2be93de2d4e718db5c548aa082af47a7430eb23192de6bb36
  md5: 8468beea04b9065b9807fc8b9cdc5894
  depends:
  - __osx >=10.13
  constrains:
  - xz 5.8.1.*
  arch: x86_64
  platform: osx
  license: 0BSD
  size: 104826
  timestamp: 1749230155443
- conda: https://conda.anaconda.org/conda-forge/osx-64/libmpdec-4.0.0-h6e16a3a_0.conda
  sha256: 98299c73c7a93cd4f5ff8bb7f43cd80389f08b5a27a296d806bdef7841cc9b9e
  md5: 18b81186a6adb43f000ad19ed7b70381
  depends:
  - __osx >=10.13
  arch: x86_64
  platform: osx
  license: BSD-2-Clause
  license_family: BSD
  size: 77667
  timestamp: 1748393757154
- conda: https://conda.anaconda.org/conda-forge/osx-64/libopenblas-0.3.30-openmp_h6006d49_4.conda
  sha256: ba642353f7f41ab2d2eb6410fbe522238f0f4483bcd07df30b3222b4454ee7cd
  md5: 9241a65e6e9605e4581a2a8005d7f789
  depends:
  - __osx >=10.13
  - libgfortran
  - libgfortran5 >=14.3.0
  - llvm-openmp >=19.1.7
  constrains:
  - openblas >=0.3.30,<0.3.31.0a0
  arch: x86_64
  platform: osx
  license: BSD-3-Clause
  license_family: BSD
  size: 6268795
  timestamp: 1763117623665
- conda: https://conda.anaconda.org/conda-forge/osx-64/libsqlite-3.51.1-hd09e2f1_1.conda
  sha256: 497b0a698ae87e024d24e242f93c56303731844d10861e1448f6d0a3d69c9ea7
  md5: 75ba9aba95c277f12e23cdb0856fd9cd
  depends:
  - __osx >=10.13
  - icu >=78.1,<79.0a0
  - libzlib >=1.3.1,<2.0a0
  arch: x86_64
  platform: osx
  license: blessing
  size: 991497
  timestamp: 1766319979749
- conda: https://conda.anaconda.org/conda-forge/osx-64/libzlib-1.3.1-hd23fc13_2.conda
  sha256: 8412f96504fc5993a63edf1e211d042a1fd5b1d51dedec755d2058948fcced09
  md5: 003a54a4e32b02f7355b50a837e699da
  depends:
  - __osx >=10.13
  constrains:
  - zlib 1.3.1 *_2
  arch: x86_64
  platform: osx
  license: Zlib
  license_family: Other
  size: 57133
  timestamp: 1727963183990
- conda: https://conda.anaconda.org/conda-forge/osx-64/llvm-openmp-21.1.8-h472b3d1_0.conda
  sha256: 2a41885f44cbc1546ff26369924b981efa37a29d20dc5445b64539ba240739e6
  md5: e2d811e9f464dd67398b4ce1f9c7c872
  depends:
  - __osx >=10.13
  constrains:
  - openmp 21.1.8|21.1.8.*
  - intel-openmp <0.0a0
  arch: x86_64
  platform: osx
  license: Apache-2.0 WITH LLVM-exception
  license_family: APACHE
  size: 311405
  timestamp: 1765965194247
- conda: https://conda.anaconda.org/conda-forge/osx-64/mpc-1.3.1-h9d8efa1_1.conda
  sha256: dcf91571da6c2f0db96d43a1b639047def05a0e1b6436d42c9129ab14af47b10
  md5: 0520855aaae268ea413d6bc913f1384c
  depends:
  - __osx >=10.13
  - gmp >=6.3.0,<7.0a0
  - mpfr >=4.2.1,<5.0a0
  arch: x86_64
  platform: osx
  license: LGPL-3.0-or-later
  license_family: LGPL
  size: 107774
  timestamp: 1725629348601
- conda: https://conda.anaconda.org/conda-forge/osx-64/mpfr-4.2.1-haed47dc_3.conda
  sha256: dddb6721dff05b8dfb654c532725330231fcb81ff1e27d885ee0cdcc9fccf1c4
  md5: d511e58aaaabfc23136880d9956fa7a6
  depends:
  - __osx >=10.13
  - gmp >=6.3.0,<7.0a0
  arch: x86_64
  platform: osx
  license: LGPL-3.0-only
  license_family: LGPL
  size: 373396
  timestamp: 1725746891597
- conda: https://conda.anaconda.org/conda-forge/noarch/mpmath-1.3.0-pyhd8ed1ab_1.conda
  sha256: 7d7aa3fcd6f42b76bd711182f3776a02bef09a68c5f117d66b712a6d81368692
  md5: 3585aa87c43ab15b167b574cd73b057b
  depends:
  - python >=3.9
  license: BSD-3-Clause
  license_family: BSD
  size: 439705
  timestamp: 1733302781386
- conda: https://conda.anaconda.org/conda-forge/osx-64/ncurses-6.5-h0622a9a_3.conda
  sha256: ea4a5d27ded18443749aefa49dc79f6356da8506d508b5296f60b8d51e0c4bd9
  md5: ced34dd9929f491ca6dab6a2927aff25
  depends:
  - __osx >=10.13
  arch: x86_64
  platform: osx
  license: X11 AND BSD-3-Clause
  size: 822259
  timestamp: 1738196181298
- conda: https://conda.anaconda.org/conda-forge/osx-64/numpy-2.4.0-py314hfc4c462_0.conda
  sha256: 450e88d85da9be8599dfc9f360c1bee8c6a45339b8ce655b5f606bf17d0ae9c3
  md5: 5e45547a4a84dc6f6da82aa4bee9fe7c
  depends:
  - python
  - __osx >=10.13
  - libcxx >=19
  - libblas >=3.9.0,<4.0a0
  - libcblas >=3.9.0,<4.0a0
  - liblapack >=3.9.0,<4.0a0
  - python_abi 3.14.* *_cp314
  constrains:
  - numpy-base <0a0
  arch: x86_64
  platform: osx
  license: BSD-3-Clause
  license_family: BSD
  size: 8121036
  timestamp: 1766373792404
- conda: https://conda.anaconda.org/conda-forge/osx-64/openssl-3.6.0-h230baf5_0.conda
  sha256: 36fe9fb316be22fcfb46d5fa3e2e85eec5ef84f908b7745f68f768917235b2d5
  md5: 3f50cdf9a97d0280655758b735781096
  depends:
  - __osx >=10.13
  - ca-certificates
  arch: x86_64
  platform: osx
  license: Apache-2.0
  license_family: Apache
  size: 2778996
  timestamp: 1762840724922
- conda: https://conda.anaconda.org/conda-forge/osx-64/python-3.14.2-hf88997e_100_cp314.conda
  build_number: 100
  sha256: cd9d41368cb7c531e82fbfdb01e274efbb176c464b59ec619538dd2580602191
  md5: 48921d5efb314c3e628089fc6e27e54a
  depends:
  - __osx >=10.13
  - bzip2 >=1.0.8,<2.0a0
  - libexpat >=2.7.3,<3.0a0
  - libffi >=3.5.2,<3.6.0a0
  - liblzma >=5.8.1,<6.0a0
  - libmpdec >=4.0.0,<5.0a0
  - libsqlite >=3.51.1,<4.0a0
  - libzlib >=1.3.1,<2.0a0
  - ncurses >=6.5,<7.0a0
  - openssl >=3.5.4,<4.0a0
  - python_abi 3.14.* *_cp314
  - readline >=8.2,<9.0a0
  - tk >=8.6.13,<8.7.0a0
  - tzdata
  - zstd >=1.5.7,<1.6.0a0
  arch: x86_64
  platform: osx
  license: Python-2.0
  size: 14323056
  timestamp: 1765026108189
  python_site_packages_path: lib/python3.14/site-packages
- conda: https://conda.anaconda.org/conda-forge/noarch/python_abi-3.14-8_cp314.conda
  build_number: 8
  sha256: ad6d2e9ac39751cc0529dd1566a26751a0bf2542adb0c232533d32e176e21db5
  md5: 0539938c55b6b1a59b560e843ad864a4
  constrains:
  - python 3.14.* *_cp314
  license: BSD-3-Clause
  license_family: BSD
  size: 6989
  timestamp: 1752805904792
- conda: https://conda.anaconda.org/conda-forge/osx-64/readline-8.3-h68b038d_0.conda
  sha256: 4614af680aa0920e82b953fece85a03007e0719c3399f13d7de64176874b80d5
  md5: eefd65452dfe7cce476a519bece46704
  depends:
  - __osx >=10.13
  - ncurses >=6.5,<7.0a0
  arch: x86_64
  platform: osx
  license: GPL-3.0-only
  license_family: GPL
  size: 317819
  timestamp: 1765813692798
- conda: https://conda.anaconda.org/conda-forge/noarch/sympy-1.14.0-pyh2585a3b_105.conda
  sha256: 09d3b6ac51d437bc996ad006d9f749ca5c645c1900a854a6c8f193cbd13f03a8
  md5: 8c09fac3785696e1c477156192d64b91
  depends:
  - __unix
  - cpython
  - gmpy2 >=2.0.8
  - mpmath >=0.19
  - python >=3.9
  license: BSD-3-Clause
  license_family: BSD
  size: 4616621
  timestamp: 1745946173026
- conda: https://conda.anaconda.org/conda-forge/osx-64/tk-8.6.13-hf689a15_3.conda
  sha256: 0d0b6cef83fec41bc0eb4f3b761c4621b7adfb14378051a8177bd9bb73d26779
  md5: bd9f1de651dbd80b51281c694827f78f
  depends:
  - __osx >=10.13
  - libzlib >=1.3.1,<2.0a0
  arch: x86_64
  platform: osx
  license: TCL
  license_family: BSD
  size: 3262702
  timestamp: 1763055085507
- conda: https://conda.anaconda.org/conda-forge/noarch/tzdata-2025c-hc9c84f9_1.conda
  sha256: 1d30098909076af33a35017eed6f2953af1c769e273a0626a04722ac4acaba3c
  md5: ad659d0a2b3e47e38d829aa8cad2d610
  license: LicenseRef-Public-Domain
  size: 119135
  timestamp: 1767016325805
- conda: https://conda.anaconda.org/conda-forge/osx-64/zstd-1.5.7-h3eecb57_6.conda
  sha256: 47101a4055a70a4876ffc87b750ab2287b67eca793f21c8224be5e1ee6394d3f
  md5: 727109b184d680772e3122f40136d5ca
  depends:
  - __osx >=10.13
  - libzlib >=1.3.1,<2.0a0
  arch: x86_64
  platform: osx
  license: BSD-3-Clause
  license_family: BSD
  size: 528148
  timestamp: 1764777156963
